
Microsoft Visual Studio Solution File, Format Version 12.00
# Visual Studio 2013
VisualStudioVersion = 12.0.31101.0
MinimumVisualStudioVersion = 10.0.40219.1
Project("{2150E333-8FDC-42A3-9474-1A3956D46DE8}") = "Tests", "Tests", "{097F45CE-44C5-475E-9E7C-BD5B08916460}"
EndProject
Project("{FAE04EC0-301F-11D3-BF4B-00C04F79EFBC}") = "GRG.LeisureCards.API.IntegrationTests", "GRG.LeisureCards.API.IntegrationTests\GRG.LeisureCards.API.IntegrationTests.csproj", "{1F88EF56-CF88-4E6E-A689-781737F2B00F}"
EndProject
Project("{FAE04EC0-301F-11D3-BF4B-00C04F79EFBC}") = "GRG.LeisureCards.Persistence", "GRG.LeisureCards.Persistence\GRG.LeisureCards.Persistence.csproj", "{A5F85B9F-16B6-4573-A9B4-2FD29E416947}"
EndProject
Project("{FAE04EC0-301F-11D3-BF4B-00C04F79EFBC}") = "GRG.LeisureCards.Persistence.NHibernate", "GRG.LeisureCards.Persistence.NHibernate\GRG.LeisureCards.Persistence.NHibernate.csproj", "{64BA8A8F-C727-4868-A8B7-FC3A99C9A639}"
EndProject
Project("{2150E333-8FDC-42A3-9474-1A3956D46DE8}") = "Data", "Data", "{056C6F24-1BB4-40D1-9793-FA61E286B576}"
EndProject
Project("{FAE04EC0-301F-11D3-BF4B-00C04F79EFBC}") = "GRG.LeisureCards.Data.Test", "GRG.LeisureCards.Data.Test\GRG.LeisureCards.Data.Test.csproj", "{AA36DFC8-B323-4CAB-AF38-84E962F39B31}"
EndProject
Project("{FAE04EC0-301F-11D3-BF4B-00C04F79EFBC}") = "GRG.LeisureCards.Service", "GRG.LeisureCards.Service\GRG.LeisureCards.Service.csproj", "{ECCC96DA-8CE4-4926-A958-FF98DF25A83F}"
EndProject
Project("{FAE04EC0-301F-11D3-BF4B-00C04F79EFBC}") = "GRG.LeisureCards.Service.UnitTests", "GRG.LeisureCards.Service.UnitTests\GRG.LeisureCards.Service.UnitTests.csproj", "{1E9EC62A-B97B-4D13-A405-F2F63CE1D807}"
EndProject
Project("{FAE04EC0-301F-11D3-BF4B-00C04F79EFBC}") = "GRG.LeisureCards.Service.IntegrationTests", "GRG.LeisureCards.Service.IntegrationTests\GRG.LeisureCards.Service.IntegrationTests.csproj", "{23FEF0F6-2EB5-436A-8DB2-AE628CBC217A}"
EndProject
Project("{FAE04EC0-301F-11D3-BF4B-00C04F79EFBC}") = "GRG.LeisureCards.WebAPI", "GRG.LeisureCards.WebAPI\GRG.LeisureCards.WebAPI.csproj", "{2D8921BC-BC57-4D04-8CF0-3C6D811CEAC3}"
EndProject
Project("{FAE04EC0-301F-11D3-BF4B-00C04F79EFBC}") = "GRG.LeisureCards.Data", "GRG.LeisureCards.Data\GRG.LeisureCards.Data.csproj", "{9E05D18C-6775-4095-B382-183240174BFA}"
EndProject
Project("{2150E333-8FDC-42A3-9474-1A3956D46DE8}") = ".nuget", ".nuget", "{4969B583-04C6-4D0A-BE94-D0F6901D5090}"
	ProjectSection(SolutionItems) = preProject
		.nuget\NuGet.Config = .nuget\NuGet.Config
		.nuget\NuGet.exe = .nuget\NuGet.exe
		.nuget\NuGet.targets = .nuget\NuGet.targets
	EndProjectSection
EndProject
Project("{FAE04EC0-301F-11D3-BF4B-00C04F79EFBC}") = "GRG.LeisureCards.CSV", "GRG.LeisureCards.CSV\GRG.LeisureCards.CSV.csproj", "{149F627D-3AF1-4CB3-BED5-89B41F5AFB33}"
EndProject
Project("{FAE04EC0-301F-11D3-BF4B-00C04F79EFBC}") = "GRG.LeisureCards.TestResources", "GRG.LeisureCards.TestResources\GRG.LeisureCards.TestResources.csproj", "{04306782-9793-4AEC-82A1-3299FA426E0F}"
EndProject
Project("{FAE04EC0-301F-11D3-BF4B-00C04F79EFBC}") = "GRG.LeisureCards.WebAPI.Model", "GRG.LeisureCards.WebAPI.Model\GRG.LeisureCards.WebAPI.Model.csproj", "{19F9B535-A681-4EE3-B954-347011C3FDEC}"
EndProject
Project("{FAE04EC0-301F-11D3-BF4B-00C04F79EFBC}") = "GRG.LeisureCards.DomainModel", "GRG.LeisureCards.DomainModel\GRG.LeisureCards.DomainModel.csproj", "{1373BA44-72CE-45FC-A1D0-6DE5346089C8}"
EndProject
Global
	GlobalSection(SolutionConfigurationPlatforms) = preSolution
		Debug|Any CPU = Debug|Any CPU
		Release|Any CPU = Release|Any CPU
	EndGlobalSection
	GlobalSection(ProjectConfigurationPlatforms) = postSolution
		{1F88EF56-CF88-4E6E-A689-781737F2B00F}.Debug|Any CPU.ActiveCfg = Debug|Any CPU
		{1F88EF56-CF88-4E6E-A689-781737F2B00F}.Debug|Any CPU.Build.0 = Debug|Any CPU
		{1F88EF56-CF88-4E6E-A689-781737F2B00F}.Release|Any CPU.ActiveCfg = Release|Any CPU
		{1F88EF56-CF88-4E6E-A689-781737F2B00F}.Release|Any CPU.Build.0 = Release|Any CPU
		{A5F85B9F-16B6-4573-A9B4-2FD29E416947}.Debug|Any CPU.ActiveCfg = Debug|Any CPU
		{A5F85B9F-16B6-4573-A9B4-2FD29E416947}.Debug|Any CPU.Build.0 = Debug|Any CPU
		{A5F85B9F-16B6-4573-A9B4-2FD29E416947}.Release|Any CPU.ActiveCfg = Release|Any CPU
		{A5F85B9F-16B6-4573-A9B4-2FD29E416947}.Release|Any CPU.Build.0 = Release|Any CPU
		{64BA8A8F-C727-4868-A8B7-FC3A99C9A639}.Debug|Any CPU.ActiveCfg = Debug|Any CPU
		{64BA8A8F-C727-4868-A8B7-FC3A99C9A639}.Debug|Any CPU.Build.0 = Debug|Any CPU
		{64BA8A8F-C727-4868-A8B7-FC3A99C9A639}.Release|Any CPU.ActiveCfg = Release|Any CPU
		{64BA8A8F-C727-4868-A8B7-FC3A99C9A639}.Release|Any CPU.Build.0 = Release|Any CPU
		{AA36DFC8-B323-4CAB-AF38-84E962F39B31}.Debug|Any CPU.ActiveCfg = Debug|Any CPU
		{AA36DFC8-B323-4CAB-AF38-84E962F39B31}.Debug|Any CPU.Build.0 = Debug|Any CPU
		{AA36DFC8-B323-4CAB-AF38-84E962F39B31}.Release|Any CPU.ActiveCfg = Release|Any CPU
		{AA36DFC8-B323-4CAB-AF38-84E962F39B31}.Release|Any CPU.Build.0 = Release|Any CPU
		{ECCC96DA-8CE4-4926-A958-FF98DF25A83F}.Debug|Any CPU.ActiveCfg = Debug|Any CPU
		{ECCC96DA-8CE4-4926-A958-FF98DF25A83F}.Debug|Any CPU.Build.0 = Debug|Any CPU
		{ECCC96DA-8CE4-4926-A958-FF98DF25A83F}.Release|Any CPU.ActiveCfg = Release|Any CPU
		{ECCC96DA-8CE4-4926-A958-FF98DF25A83F}.Release|Any CPU.Build.0 = Release|Any CPU
		{1E9EC62A-B97B-4D13-A405-F2F63CE1D807}.Debug|Any CPU.ActiveCfg = Debug|Any CPU
		{1E9EC62A-B97B-4D13-A405-F2F63CE1D807}.Debug|Any CPU.Build.0 = Debug|Any CPU
		{1E9EC62A-B97B-4D13-A405-F2F63CE1D807}.Release|Any CPU.ActiveCfg = Release|Any CPU
		{1E9EC62A-B97B-4D13-A405-F2F63CE1D807}.Release|Any CPU.Build.0 = Release|Any CPU
		{23FEF0F6-2EB5-436A-8DB2-AE628CBC217A}.Debug|Any CPU.ActiveCfg = Debug|Any CPU
		{23FEF0F6-2EB5-436A-8DB2-AE628CBC217A}.Debug|Any CPU.Build.0 = Debug|Any CPU
		{23FEF0F6-2EB5-436A-8DB2-AE628CBC217A}.Release|Any CPU.ActiveCfg = Release|Any CPU
		{23FEF0F6-2EB5-436A-8DB2-AE628CBC217A}.Release|Any CPU.Build.0 = Release|Any CPU
		{2D8921BC-BC57-4D04-8CF0-3C6D811CEAC3}.Debug|Any CPU.ActiveCfg = Debug|Any CPU
		{2D8921BC-BC57-4D04-8CF0-3C6D811CEAC3}.Debug|Any CPU.Build.0 = Debug|Any CPU
		{2D8921BC-BC57-4D04-8CF0-3C6D811CEAC3}.Release|Any CPU.ActiveCfg = Release|Any CPU
		{2D8921BC-BC57-4D04-8CF0-3C6D811CEAC3}.Release|Any CPU.Build.0 = Release|Any CPU
		{9E05D18C-6775-4095-B382-183240174BFA}.Debug|Any CPU.ActiveCfg = Debug|Any CPU
		{9E05D18C-6775-4095-B382-183240174BFA}.Debug|Any CPU.Build.0 = Debug|Any CPU
		{9E05D18C-6775-4095-B382-183240174BFA}.Release|Any CPU.ActiveCfg = Release|Any CPU
		{9E05D18C-6775-4095-B382-183240174BFA}.Release|Any CPU.Build.0 = Release|Any CPU
		{149F627D-3AF1-4CB3-BED5-89B41F5AFB33}.Debug|Any CPU.ActiveCfg = Debug|Any CPU
		{149F627D-3AF1-4CB3-BED5-89B41F5AFB33}.Debug|Any CPU.Build.0 = Debug|Any CPU
		{149F627D-3AF1-4CB3-BED5-89B41F5AFB33}.Release|Any CPU.ActiveCfg = Release|Any CPU
		{149F627D-3AF1-4CB3-BED5-89B41F5AFB33}.Release|Any CPU.Build.0 = Release|Any CPU
		{04306782-9793-4AEC-82A1-3299FA426E0F}.Debug|Any CPU.ActiveCfg = Debug|Any CPU
		{04306782-9793-4AEC-82A1-3299FA426E0F}.Debug|Any CPU.Build.0 = Debug|Any CPU
		{04306782-9793-4AEC-82A1-3299FA426E0F}.Release|Any CPU.ActiveCfg = Release|Any CPU
		{04306782-9793-4AEC-82A1-3299FA426E0F}.Release|Any CPU.Build.0 = Release|Any CPU
		{19F9B535-A681-4EE3-B954-347011C3FDEC}.Debug|Any CPU.ActiveCfg = Debug|Any CPU
		{19F9B535-A681-4EE3-B954-347011C3FDEC}.Debug|Any CPU.Build.0 = Debug|Any CPU
		{19F9B535-A681-4EE3-B954-347011C3FDEC}.Release|Any CPU.ActiveCfg = Release|Any CPU
		{19F9B535-A681-4EE3-B954-347011C3FDEC}.Release|Any CPU.Build.0 = Release|Any CPU
		{1373BA44-72CE-45FC-A1D0-6DE5346089C8}.Debug|Any CPU.ActiveCfg = Debug|Any CPU
		{1373BA44-72CE-45FC-A1D0-6DE5346089C8}.Debug|Any CPU.Build.0 = Debug|Any CPU
		{1373BA44-72CE-45FC-A1D0-6DE5346089C8}.Release|Any CPU.ActiveCfg = Release|Any CPU
		{1373BA44-72CE-45FC-A1D0-6DE5346089C8}.Release|Any CPU.Build.0 = Release|Any CPU
	EndGlobalSection
	GlobalSection(SolutionProperties) = preSolution
		HideSolutionNode = FALSE
	EndGlobalSection
	GlobalSection(NestedProjects) = preSolution
		{1F88EF56-CF88-4E6E-A689-781737F2B00F} = {097F45CE-44C5-475E-9E7C-BD5B08916460}
		{AA36DFC8-B323-4CAB-AF38-84E962F39B31} = {056C6F24-1BB4-40D1-9793-FA61E286B576}
		{1E9EC62A-B97B-4D13-A405-F2F63CE1D807} = {097F45CE-44C5-475E-9E7C-BD5B08916460}
		{23FEF0F6-2EB5-436A-8DB2-AE628CBC217A} = {097F45CE-44C5-475E-9E7C-BD5B08916460}
		{9E05D18C-6775-4095-B382-183240174BFA} = {056C6F24-1BB4-40D1-9793-FA61E286B576}
		{04306782-9793-4AEC-82A1-3299FA426E0F} = {056C6F24-1BB4-40D1-9793-FA61E286B576}
	EndGlobalSection
EndGlobal
